
Microsoft Visual Studio Solution File, Format Version 12.00
# Visual Studio 2013
VisualStudioVersion = 12.0.21005.1
MinimumVisualStudioVersion = 10.0.40219.1
Project("{2150E333-8FDC-42A3-9474-1A3956D46DE8}") = ".nuget", ".nuget", "{E69869BF-314B-42C7-8C5C-73EF41C9B44C}"
	ProjectSection(SolutionItems) = preProject
		.nuget\NuGet.Config = .nuget\NuGet.Config
		.nuget\NuGet.exe = .nuget\NuGet.exe
	EndProjectSection
EndProject
Project("{FAE04EC0-301F-11D3-BF4B-00C04F79EFBC}") = "Malt.PasswordHasher", "Malt.PasswordHasher\Malt.PasswordHasher.csproj", "{C8562E34-0B0B-45FC-AD0B-3C8548AF5D5E}"
EndProject
Project("{FAE04EC0-301F-11D3-BF4B-00C04F79EFBC}") = "Malt.PasswordHasher.Test", "Malt.PasswordHasher.Test\Malt.PasswordHasher.Test.csproj", "{D8705289-2A06-49F5-B07E-6860C8FB02A0}"
EndProject
Global
	GlobalSection(SolutionConfigurationPlatforms) = preSolution
		Debug|Any CPU = Debug|Any CPU
		Release|Any CPU = Release|Any CPU
	EndGlobalSection
	GlobalSection(ProjectConfigurationPlatforms) = postSolution
		{C8562E34-0B0B-45FC-AD0B-3C8548AF5D5E}.Debug|Any CPU.ActiveCfg = Debug|Any CPU
		{C8562E34-0B0B-45FC-AD0B-3C8548AF5D5E}.Debug|Any CPU.Build.0 = Debug|Any CPU
		{C8562E34-0B0B-45FC-AD0B-3C8548AF5D5E}.Release|Any CPU.ActiveCfg = Release|Any CPU
		{C8562E34-0B0B-45FC-AD0B-3C8548AF5D5E}.Release|Any CPU.Build.0 = Release|Any CPU
		{D8705289-2A06-49F5-B07E-6860C8FB02A0}.Debug|Any CPU.ActiveCfg = Debug|Any CPU
		{D8705289-2A06-49F5-B07E-6860C8FB02A0}.Debug|Any CPU.Build.0 = Debug|Any CPU
		{D8705289-2A06-49F5-B07E-6860C8FB02A0}.Release|Any CPU.ActiveCfg = Release|Any CPU
		{D8705289-2A06-49F5-B07E-6860C8FB02A0}.Release|Any CPU.Build.0 = Release|Any CPU
	EndGlobalSection
	GlobalSection(SolutionProperties) = preSolution
		HideSolutionNode = FALSE
	EndGlobalSection
EndGlobal
